// !$*UTF8*$!
{
	archiveVersion = 1;
	classes = {
	};
	objectVersion = 50;
	objects = {

/* Begin PBXBuildFile section */
		A4975C3B258FFD6300E58257 /* libkmod.a in Frameworks */ = {isa = PBXBuildFile; fileRef = A4975C39258FFD5700E58257 /* libkmod.a */; };
		B35EF3BB23035D16001DBD8E /* helpers.cpp in Sources */ = {isa = PBXBuildFile; fileRef = B35EF3BA23035D16001DBD8E /* helpers.cpp */; };
		B36B6EB022DEBBA40062F8F4 /* VoodooSMBusIntelLpssI2C.cpp in Sources */ = {isa = PBXBuildFile; fileRef = B36B6EAE22DEBBA40062F8F4 /* VoodooSMBusIntelLpssI2C.cpp */; };
		B36B6EB122DEBBA40062F8F4 /* VoodooSMBusIntelLpssI2C.hpp in Headers */ = {isa = PBXBuildFile; fileRef = B36B6EAF22DEBBA40062F8F4 /* VoodooSMBusIntelLpssI2C.hpp */; };
		B3953FFD22D8DBC100473323 /* VoodooSMBusControllerDriver.hpp in Headers */ = {isa = PBXBuildFile; fileRef = B3953FFC22D8DBC100473323 /* VoodooSMBusControllerDriver.hpp */; };
		B3953FFF22D8DBC100473323 /* VoodooSMBusControllerDriver.cpp in Sources */ = {isa = PBXBuildFile; fileRef = B3953FFE22D8DBC100473323 /* VoodooSMBusControllerDriver.cpp */; };
		B395400A22D8FD6100473323 /* helpers.hpp in Headers */ = {isa = PBXBuildFile; fileRef = B395400822D8FD6100473323 /* helpers.hpp */; };
		B3B31E6122DA2C4800179497 /* VoodooSMBusDeviceNub.cpp in Sources */ = {isa = PBXBuildFile; fileRef = B3B31E5F22DA2C4800179497 /* VoodooSMBusDeviceNub.cpp */; };
		B3B31E6222DA2C4800179497 /* VoodooSMBusDeviceNub.hpp in Headers */ = {isa = PBXBuildFile; fileRef = B3B31E6022DA2C4800179497 /* VoodooSMBusDeviceNub.hpp */; };
		B3CF122F2343A92C00DBBD8D /* Configuration.cpp in Sources */ = {isa = PBXBuildFile; fileRef = B3CF122D2343A92C00DBBD8D /* Configuration.cpp */; };
		B3CF12302343A92C00DBBD8D /* Configuration.hpp in Headers */ = {isa = PBXBuildFile; fileRef = B3CF122E2343A92C00DBBD8D /* Configuration.hpp */; };
/* End PBXBuildFile section */

/* Begin PBXFileReference section */
		A4975C39258FFD5700E58257 /* libkmod.a */ = {isa = PBXFileReference; lastKnownFileType = archive.ar; name = libkmod.a; path = usr/lib/libkmod.a; sourceTree = SDKROOT; };
		B35EF3BA23035D16001DBD8E /* helpers.cpp */ = {isa = PBXFileReference; lastKnownFileType = sourcecode.cpp.cpp; path = helpers.cpp; sourceTree = "<group>"; };
		B36B6EAE22DEBBA40062F8F4 /* VoodooSMBusIntelLpssI2C.cpp */ = {isa = PBXFileReference; lastKnownFileType = sourcecode.cpp.cpp; path = VoodooSMBusIntelLpssI2C.cpp; sourceTree = "<group>"; };
		B36B6EAF22DEBBA40062F8F4 /* VoodooSMBusIntelLpssI2C.hpp */ = {isa = PBXFileReference; lastKnownFileType = sourcecode.cpp.h; path = VoodooSMBusIntelLpssI2C.hpp; sourceTree = "<group>"; };
		B39530D6247F38A300F1751C /* HostNotifyMessage.h */ = {isa = PBXFileReference; lastKnownFileType = sourcecode.c.h; path = HostNotifyMessage.h; sourceTree = "<group>"; };
		B3953FF922D8DBC100473323 /* VoodooSMBus.kext */ = {isa = PBXFileReference; explicitFileType = wrapper.cfbundle; includeInIndex = 0; path = VoodooSMBus.kext; sourceTree = BUILT_PRODUCTS_DIR; };
		B3953FFC22D8DBC100473323 /* VoodooSMBusControllerDriver.hpp */ = {isa = PBXFileReference; lastKnownFileType = sourcecode.cpp.h; path = VoodooSMBusControllerDriver.hpp; sourceTree = "<group>"; };
		B3953FFE22D8DBC100473323 /* VoodooSMBusControllerDriver.cpp */ = {isa = PBXFileReference; lastKnownFileType = sourcecode.cpp.cpp; path = VoodooSMBusControllerDriver.cpp; sourceTree = "<group>"; };
		B395400022D8DBC100473323 /* Info.plist */ = {isa = PBXFileReference; lastKnownFileType = text.plist.xml; path = Info.plist; sourceTree = "<group>"; };
		B395400622D8F7FE00473323 /* i2c_i801.cpp */ = {isa = PBXFileReference; lastKnownFileType = sourcecode.cpp.cpp; path = i2c_i801.cpp; sourceTree = "<group>"; };
		B395400822D8FD6100473323 /* helpers.hpp */ = {isa = PBXFileReference; lastKnownFileType = sourcecode.cpp.h; path = helpers.hpp; sourceTree = "<group>"; };
		B3B31E5F22DA2C4800179497 /* VoodooSMBusDeviceNub.cpp */ = {isa = PBXFileReference; lastKnownFileType = sourcecode.cpp.cpp; path = VoodooSMBusDeviceNub.cpp; sourceTree = "<group>"; };
		B3B31E6022DA2C4800179497 /* VoodooSMBusDeviceNub.hpp */ = {isa = PBXFileReference; lastKnownFileType = sourcecode.cpp.h; path = VoodooSMBusDeviceNub.hpp; sourceTree = "<group>"; };
		B3B31E6B22DA600700179497 /* i2c_smbus.h */ = {isa = PBXFileReference; lastKnownFileType = sourcecode.c.h; path = i2c_smbus.h; sourceTree = "<group>"; };
		B3CF122D2343A92C00DBBD8D /* Configuration.cpp */ = {isa = PBXFileReference; lastKnownFileType = sourcecode.cpp.cpp; path = Configuration.cpp; sourceTree = "<group>"; };
		B3CF122E2343A92C00DBBD8D /* Configuration.hpp */ = {isa = PBXFileReference; lastKnownFileType = sourcecode.cpp.h; path = Configuration.hpp; sourceTree = "<group>"; };
/* End PBXFileReference section */

/* Begin PBXFrameworksBuildPhase section */
		B3953FF622D8DBC100473323 /* Frameworks */ = {
			isa = PBXFrameworksBuildPhase;
			buildActionMask = 2147483647;
			files = (
				A4975C3B258FFD6300E58257 /* libkmod.a in Frameworks */,
			);
			runOnlyForDeploymentPostprocessing = 0;
		};
/* End PBXFrameworksBuildPhase section */

/* Begin PBXGroup section */
		A4975C38258FFD5600E58257 /* Frameworks */ = {
			isa = PBXGroup;
			children = (
				A4975C39258FFD5700E58257 /* libkmod.a */,
			);
			name = Frameworks;
			sourceTree = "<group>";
		};
		B3953FEF22D8DBC100473323 = {
			isa = PBXGroup;
			children = (
				B3953FFB22D8DBC100473323 /* VoodooSMBus */,
				B3953FFA22D8DBC100473323 /* Products */,
				A4975C38258FFD5600E58257 /* Frameworks */,
			);
			sourceTree = "<group>";
		};
		B3953FFA22D8DBC100473323 /* Products */ = {
			isa = PBXGroup;
			children = (
				B3953FF922D8DBC100473323 /* VoodooSMBus.kext */,
			);
			name = Products;
			sourceTree = "<group>";
		};
		B3953FFB22D8DBC100473323 /* VoodooSMBus */ = {
			isa = PBXGroup;
			children = (
				B3953FFC22D8DBC100473323 /* VoodooSMBusControllerDriver.hpp */,
				B3953FFE22D8DBC100473323 /* VoodooSMBusControllerDriver.cpp */,
				B395400022D8DBC100473323 /* Info.plist */,
				B395400622D8F7FE00473323 /* i2c_i801.cpp */,
				B395400822D8FD6100473323 /* helpers.hpp */,
				B35EF3BA23035D16001DBD8E /* helpers.cpp */,
				B3B31E5F22DA2C4800179497 /* VoodooSMBusDeviceNub.cpp */,
				B3B31E6022DA2C4800179497 /* VoodooSMBusDeviceNub.hpp */,
				B3B31E6B22DA600700179497 /* i2c_smbus.h */,
				B36B6EAE22DEBBA40062F8F4 /* VoodooSMBusIntelLpssI2C.cpp */,
				B36B6EAF22DEBBA40062F8F4 /* VoodooSMBusIntelLpssI2C.hpp */,
				B3CF122D2343A92C00DBBD8D /* Configuration.cpp */,
				B3CF122E2343A92C00DBBD8D /* Configuration.hpp */,
				B39530D6247F38A300F1751C /* HostNotifyMessage.h */,
			);
			path = VoodooSMBus;
			sourceTree = "<group>";
		};
/* End PBXGroup section */

/* Begin PBXHeadersBuildPhase section */
		B3953FF422D8DBC100473323 /* Headers */ = {
			isa = PBXHeadersBuildPhase;
			buildActionMask = 2147483647;
			files = (
				B395400A22D8FD6100473323 /* helpers.hpp in Headers */,
				B3CF12302343A92C00DBBD8D /* Configuration.hpp in Headers */,
				B36B6EB122DEBBA40062F8F4 /* VoodooSMBusIntelLpssI2C.hpp in Headers */,
				B3953FFD22D8DBC100473323 /* VoodooSMBusControllerDriver.hpp in Headers */,
				B3B31E6222DA2C4800179497 /* VoodooSMBusDeviceNub.hpp in Headers */,
			);
			runOnlyForDeploymentPostprocessing = 0;
		};
/* End PBXHeadersBuildPhase section */

/* Begin PBXNativeTarget section */
		B3953FF822D8DBC100473323 /* VoodooSMBus */ = {
			isa = PBXNativeTarget;
			buildConfigurationList = B395400322D8DBC100473323 /* Build configuration list for PBXNativeTarget "VoodooSMBus" */;
			buildPhases = (
				B3953FF422D8DBC100473323 /* Headers */,
				B3953FF522D8DBC100473323 /* Sources */,
				B3953FF622D8DBC100473323 /* Frameworks */,
				B3953FF722D8DBC100473323 /* Resources */,
			);
			buildRules = (
			);
			dependencies = (
			);
			name = VoodooSMBus;
			productName = VoodooSMBus;
			productReference = B3953FF922D8DBC100473323 /* VoodooSMBus.kext */;
			productType = "com.apple.product-type.kernel-extension";
		};
/* End PBXNativeTarget section */

/* Begin PBXProject section */
		B3953FF022D8DBC100473323 /* Project object */ = {
			isa = PBXProject;
			attributes = {
				LastUpgradeCheck = 1230;
				ORGANIZATIONNAME = "leo-labs";
				TargetAttributes = {
					B3953FF822D8DBC100473323 = {
						CreatedOnToolsVersion = 10.2.1;
					};
				};
			};
			buildConfigurationList = B3953FF322D8DBC100473323 /* Build configuration list for PBXProject "VoodooSMBus" */;
			compatibilityVersion = "Xcode 9.3";
			developmentRegion = en;
			hasScannedForEncodings = 0;
			knownRegions = (
				en,
				Base,
			);
			mainGroup = B3953FEF22D8DBC100473323;
			productRefGroup = B3953FFA22D8DBC100473323 /* Products */;
			projectDirPath = "";
			projectRoot = "";
			targets = (
				B3953FF822D8DBC100473323 /* VoodooSMBus */,
			);
		};
/* End PBXProject section */

/* Begin PBXResourcesBuildPhase section */
		B3953FF722D8DBC100473323 /* Resources */ = {
			isa = PBXResourcesBuildPhase;
			buildActionMask = 2147483647;
			files = (
			);
			runOnlyForDeploymentPostprocessing = 0;
		};
/* End PBXResourcesBuildPhase section */

/* Begin PBXSourcesBuildPhase section */
		B3953FF522D8DBC100473323 /* Sources */ = {
			isa = PBXSourcesBuildPhase;
			buildActionMask = 2147483647;
			files = (
				B36B6EB022DEBBA40062F8F4 /* VoodooSMBusIntelLpssI2C.cpp in Sources */,
				B3953FFF22D8DBC100473323 /* VoodooSMBusControllerDriver.cpp in Sources */,
				B3B31E6122DA2C4800179497 /* VoodooSMBusDeviceNub.cpp in Sources */,
				B3CF122F2343A92C00DBBD8D /* Configuration.cpp in Sources */,
				B35EF3BB23035D16001DBD8E /* helpers.cpp in Sources */,
			);
			runOnlyForDeploymentPostprocessing = 0;
		};
/* End PBXSourcesBuildPhase section */

/* Begin XCBuildConfiguration section */
		B395400122D8DBC100473323 /* Debug */ = {
			isa = XCBuildConfiguration;
			buildSettings = {
				ALWAYS_SEARCH_USER_PATHS = NO;
				CLANG_ANALYZER_NONNULL = YES;
				CLANG_ANALYZER_NUMBER_OBJECT_CONVERSION = YES_AGGRESSIVE;
				CLANG_CXX_LANGUAGE_STANDARD = "gnu++14";
				CLANG_CXX_LIBRARY = "libc++";
				CLANG_ENABLE_MODULES = YES;
				CLANG_ENABLE_OBJC_ARC = YES;
				CLANG_ENABLE_OBJC_WEAK = YES;
				CLANG_WARN_BLOCK_CAPTURE_AUTORELEASING = YES;
				CLANG_WARN_BOOL_CONVERSION = YES;
				CLANG_WARN_COMMA = YES;
				CLANG_WARN_CONSTANT_CONVERSION = YES;
				CLANG_WARN_DEPRECATED_OBJC_IMPLEMENTATIONS = YES;
				CLANG_WARN_DIRECT_OBJC_ISA_USAGE = YES_ERROR;
				CLANG_WARN_DOCUMENTATION_COMMENTS = YES;
				CLANG_WARN_EMPTY_BODY = YES;
				CLANG_WARN_ENUM_CONVERSION = YES;
				CLANG_WARN_INFINITE_RECURSION = YES;
				CLANG_WARN_INT_CONVERSION = YES;
				CLANG_WARN_NON_LITERAL_NULL_CONVERSION = YES;
				CLANG_WARN_OBJC_IMPLICIT_RETAIN_SELF = YES;
				CLANG_WARN_OBJC_LITERAL_CONVERSION = YES;
				CLANG_WARN_OBJC_ROOT_CLASS = YES_ERROR;
				CLANG_WARN_QUOTED_INCLUDE_IN_FRAMEWORK_HEADER = YES;
				CLANG_WARN_RANGE_LOOP_ANALYSIS = YES;
				CLANG_WARN_STRICT_PROTOTYPES = YES;
				CLANG_WARN_SUSPICIOUS_MOVE = YES;
				CLANG_WARN_UNGUARDED_AVAILABILITY = YES_AGGRESSIVE;
				CLANG_WARN_UNREACHABLE_CODE = YES;
				CLANG_WARN__DUPLICATE_METHOD_MATCH = YES;
				CODE_SIGN_IDENTITY = "-";
				COPY_PHASE_STRIP = NO;
				DEBUG_INFORMATION_FORMAT = dwarf;
				ENABLE_STRICT_OBJC_MSGSEND = YES;
				ENABLE_TESTABILITY = YES;
				GCC_C_LANGUAGE_STANDARD = gnu11;
				GCC_DYNAMIC_NO_PIC = NO;
				GCC_NO_COMMON_BLOCKS = YES;
				GCC_OPTIMIZATION_LEVEL = 0;
				GCC_PREPROCESSOR_DEFINITIONS = (
					"DEBUG=1",
					"$(inherited)",
				);
				GCC_WARN_64_TO_32_BIT_CONVERSION = YES;
				GCC_WARN_ABOUT_RETURN_TYPE = YES_ERROR;
				GCC_WARN_UNDECLARED_SELECTOR = YES;
				GCC_WARN_UNINITIALIZED_AUTOS = YES_AGGRESSIVE;
				GCC_WARN_UNUSED_FUNCTION = YES;
				GCC_WARN_UNUSED_VARIABLE = YES;
				HEADER_SEARCH_PATHS = "";
				KERNEL_EXTENSION_HEADER_SEARCH_PATHS = "$(PROJECT_DIR)/MacKernelSDK/Headers";
				KERNEL_FRAMEWORK_HEADERS = "$(PROJECT_DIR)/MacKernelSDK/Headers";
				LIBRARY_SEARCH_PATHS = "$(PROJECT_DIR)/MacKernelSDK/Library/x86_64";
				MACOSX_DEPLOYMENT_TARGET = 10.11;
				MTL_ENABLE_DEBUG_INFO = INCLUDE_SOURCE;
				MTL_FAST_MATH = YES;
				ONLY_ACTIVE_ARCH = YES;
				SDKROOT = macosx;
			};
			name = Debug;
		};
		B395400222D8DBC100473323 /* Release */ = {
			isa = XCBuildConfiguration;
			buildSettings = {
				ALWAYS_SEARCH_USER_PATHS = NO;
				CLANG_ANALYZER_NONNULL = YES;
				CLANG_ANALYZER_NUMBER_OBJECT_CONVERSION = YES_AGGRESSIVE;
				CLANG_CXX_LANGUAGE_STANDARD = "gnu++14";
				CLANG_CXX_LIBRARY = "libc++";
				CLANG_ENABLE_MODULES = YES;
				CLANG_ENABLE_OBJC_ARC = YES;
				CLANG_ENABLE_OBJC_WEAK = YES;
				CLANG_WARN_BLOCK_CAPTURE_AUTORELEASING = YES;
				CLANG_WARN_BOOL_CONVERSION = YES;
				CLANG_WARN_COMMA = YES;
				CLANG_WARN_CONSTANT_CONVERSION = YES;
				CLANG_WARN_DEPRECATED_OBJC_IMPLEMENTATIONS = YES;
				CLANG_WARN_DIRECT_OBJC_ISA_USAGE = YES_ERROR;
				CLANG_WARN_DOCUMENTATION_COMMENTS = YES;
				CLANG_WARN_EMPTY_BODY = YES;
				CLANG_WARN_ENUM_CONVERSION = YES;
				CLANG_WARN_INFINITE_RECURSION = YES;
				CLANG_WARN_INT_CONVERSION = YES;
				CLANG_WARN_NON_LITERAL_NULL_CONVERSION = YES;
				CLANG_WARN_OBJC_IMPLICIT_RETAIN_SELF = YES;
				CLANG_WARN_OBJC_LITERAL_CONVERSION = YES;
				CLANG_WARN_OBJC_ROOT_CLASS = YES_ERROR;
				CLANG_WARN_QUOTED_INCLUDE_IN_FRAMEWORK_HEADER = YES;
				CLANG_WARN_RANGE_LOOP_ANALYSIS = YES;
				CLANG_WARN_STRICT_PROTOTYPES = YES;
				CLANG_WARN_SUSPICIOUS_MOVE = YES;
				CLANG_WARN_UNGUARDED_AVAILABILITY = YES_AGGRESSIVE;
				CLANG_WARN_UNREACHABLE_CODE = YES;
				CLANG_WARN__DUPLICATE_METHOD_MATCH = YES;
				CODE_SIGN_IDENTITY = "-";
				COPY_PHASE_STRIP = NO;
				DEBUG_INFORMATION_FORMAT = "dwarf-with-dsym";
				ENABLE_NS_ASSERTIONS = NO;
				ENABLE_STRICT_OBJC_MSGSEND = YES;
				GCC_C_LANGUAGE_STANDARD = gnu11;
				GCC_NO_COMMON_BLOCKS = YES;
				GCC_WARN_64_TO_32_BIT_CONVERSION = YES;
				GCC_WARN_ABOUT_RETURN_TYPE = YES_ERROR;
				GCC_WARN_UNDECLARED_SELECTOR = YES;
				GCC_WARN_UNINITIALIZED_AUTOS = YES_AGGRESSIVE;
				GCC_WARN_UNUSED_FUNCTION = YES;
				GCC_WARN_UNUSED_VARIABLE = YES;
				HEADER_SEARCH_PATHS = "";
				KERNEL_EXTENSION_HEADER_SEARCH_PATHS = "$(PROJECT_DIR)/MacKernelSDK/Headers";
				KERNEL_FRAMEWORK_HEADERS = "$(PROJECT_DIR)/MacKernelSDK/Headers";
				LIBRARY_SEARCH_PATHS = "$(PROJECT_DIR)/MacKernelSDK/Library/x86_64";
				MACOSX_DEPLOYMENT_TARGET = 10.11;
				MTL_ENABLE_DEBUG_INFO = NO;
				MTL_FAST_MATH = YES;
				SDKROOT = macosx;
			};
			name = Release;
		};
		B395400422D8DBC100473323 /* Debug */ = {
			isa = XCBuildConfiguration;
			buildSettings = {
				CLANG_ANALYZER_DEADCODE_DEADSTORES = NO;
				CLANG_ANALYZER_DIVIDE_BY_ZERO = NO;
				CLANG_ANALYZER_NULL_DEREFERENCE = NO;
				CODE_SIGN_IDENTITY = "-";
				CODE_SIGN_STYLE = Manual;
				COMBINE_HIDPI_IMAGES = YES;
				CURRENT_PROJECT_VERSION = 1.0.0d1;
				DEVELOPMENT_TEAM = "";
				HEADER_SEARCH_PATHS = "";
				"HEADER_SEARCH_PATHS[arch=*]" = "\"./Dependencies/VoodooI2C/Dependencies/Headers\"/**";
				INFOPLIST_FILE = VoodooSMBus/Info.plist;
				MODULE_NAME = "de.leo-labs.VoodooSMBus";
				MODULE_VERSION = 1.0.0d1;
				PRODUCT_BUNDLE_IDENTIFIER = "de.leo-labs.VoodooSMBus";
				PRODUCT_NAME = "$(TARGET_NAME)";
				PROVISIONING_PROFILE_SPECIFIER = "";
				RUN_CLANG_STATIC_ANALYZER = YES;
				WRAPPER_EXTENSION = kext;
			};
			name = Debug;
		};
		B395400522D8DBC100473323 /* Release */ = {
			isa = XCBuildConfiguration;
			buildSettings = {
				CODE_SIGN_IDENTITY = "-";
				CODE_SIGN_STYLE = Manual;
				COMBINE_HIDPI_IMAGES = YES;
				CURRENT_PROJECT_VERSION = 1.0.0d1;
				DEVELOPMENT_TEAM = "";
				HEADER_SEARCH_PATHS = "";
				"HEADER_SEARCH_PATHS[arch=*]" = "\"./Dependencies/VoodooI2C/Dependencies/Headers\"/**";
				INFOPLIST_FILE = VoodooSMBus/Info.plist;
				MODULE_NAME = "de.leo-labs.VoodooSMBus";
				MODULE_VERSION = 1.0.0d1;
				ONLY_ACTIVE_ARCH = YES;
				PRODUCT_BUNDLE_IDENTIFIER = "de.leo-labs.VoodooSMBus";
				PRODUCT_NAME = "$(TARGET_NAME)";
				PROVISIONING_PROFILE_SPECIFIER = "";
				WRAPPER_EXTENSION = kext;
			};
			name = Release;
		};
/* End XCBuildConfiguration section */

/* Begin XCConfigurationList section */
		B3953FF322D8DBC100473323 /* Build configuration list for PBXProject "VoodooSMBus" */ = {
			isa = XCConfigurationList;
			buildConfigurations = (
				B395400122D8DBC100473323 /* Debug */,
				B395400222D8DBC100473323 /* Release */,
			);
			defaultConfigurationIsVisible = 0;
			defaultConfigurationName = Release;
		};
		B395400322D8DBC100473323 /* Build configuration list for PBXNativeTarget "VoodooSMBus" */ = {
			isa = XCConfigurationList;
			buildConfigurations = (
				B395400422D8DBC100473323 /* Debug */,
				B395400522D8DBC100473323 /* Release */,
			);
			defaultConfigurationIsVisible = 0;
			defaultConfigurationName = Release;
		};
/* End XCConfigurationList section */
	};
	rootObject = B3953FF022D8DBC100473323 /* Project object */;
}
