// !$*UTF8*$!
{
	archiveVersion = 1;
	classes = {
	};
	objectVersion = 50;
	objects = {

/* Begin PBXBuildFile section */
		28616574245BAAEE0062CFED /* RMIBus.hpp in Headers */ = {isa = PBXBuildFile; fileRef = 28616572245BAAEE0062CFED /* RMIBus.hpp */; };
		28616575245BAAEE0062CFED /* RMIBus.cpp in Sources */ = {isa = PBXBuildFile; fileRef = 28616573245BAAEE0062CFED /* RMIBus.cpp */; };
		A46E495724611F5A00749F79 /* rmi_smbus.hpp in Headers */ = {isa = PBXBuildFile; fileRef = A46E495524611F5A00749F79 /* rmi_smbus.hpp */; };
		A46E495824611F5A00749F79 /* rmi_smbus.cpp in Sources */ = {isa = PBXBuildFile; fileRef = A46E495624611F5A00749F79 /* rmi_smbus.cpp */; };
		B35EF3BB23035D16001DBD8E /* helpers.cpp in Sources */ = {isa = PBXBuildFile; fileRef = B35EF3BA23035D16001DBD8E /* helpers.cpp */; };
		B36B6EB022DEBBA40062F8F4 /* VoodooSMBusIntelLpssI2C.cpp in Sources */ = {isa = PBXBuildFile; fileRef = B36B6EAE22DEBBA40062F8F4 /* VoodooSMBusIntelLpssI2C.cpp */; };
		B36B6EB122DEBBA40062F8F4 /* VoodooSMBusIntelLpssI2C.hpp in Headers */ = {isa = PBXBuildFile; fileRef = B36B6EAF22DEBBA40062F8F4 /* VoodooSMBusIntelLpssI2C.hpp */; };
		B3953FFD22D8DBC100473323 /* VoodooSMBusControllerDriver.hpp in Headers */ = {isa = PBXBuildFile; fileRef = B3953FFC22D8DBC100473323 /* VoodooSMBusControllerDriver.hpp */; };
		B3953FFF22D8DBC100473323 /* VoodooSMBusControllerDriver.cpp in Sources */ = {isa = PBXBuildFile; fileRef = B3953FFE22D8DBC100473323 /* VoodooSMBusControllerDriver.cpp */; };
		B395400A22D8FD6100473323 /* helpers.hpp in Headers */ = {isa = PBXBuildFile; fileRef = B395400822D8FD6100473323 /* helpers.hpp */; };
		B3B31E6122DA2C4800179497 /* VoodooSMBusDeviceNub.cpp in Sources */ = {isa = PBXBuildFile; fileRef = B3B31E5F22DA2C4800179497 /* VoodooSMBusDeviceNub.cpp */; };
		B3B31E6222DA2C4800179497 /* VoodooSMBusDeviceNub.hpp in Headers */ = {isa = PBXBuildFile; fileRef = B3B31E6022DA2C4800179497 /* VoodooSMBusDeviceNub.hpp */; };
		B3B31E6922DA3C9E00179497 /* ELANTouchpadDriver.cpp in Sources */ = {isa = PBXBuildFile; fileRef = B3B31E6722DA3C9E00179497 /* ELANTouchpadDriver.cpp */; };
		B3B31E6A22DA3C9E00179497 /* ELANTouchpadDriver.hpp in Headers */ = {isa = PBXBuildFile; fileRef = B3B31E6822DA3C9E00179497 /* ELANTouchpadDriver.hpp */; };
		B3CF122F2343A92C00DBBD8D /* Configuration.cpp in Sources */ = {isa = PBXBuildFile; fileRef = B3CF122D2343A92C00DBBD8D /* Configuration.cpp */; };
		B3CF12302343A92C00DBBD8D /* Configuration.hpp in Headers */ = {isa = PBXBuildFile; fileRef = B3CF122E2343A92C00DBBD8D /* Configuration.hpp */; };
		B3D4D4AE22DE380F00032061 /* helpers.cpp in Sources */ = {isa = PBXBuildFile; fileRef = B3D4D48422DE380E00032061 /* helpers.cpp */; };
		B3D4D4AF22DE380F00032061 /* VoodooI2CMultitouchInterface.hpp in Headers */ = {isa = PBXBuildFile; fileRef = B3D4D48622DE380F00032061 /* VoodooI2CMultitouchInterface.hpp */; };
		B3D4D4B022DE380F00032061 /* VoodooI2CDigitiserTransducer.hpp in Headers */ = {isa = PBXBuildFile; fileRef = B3D4D48722DE380F00032061 /* VoodooI2CDigitiserTransducer.hpp */; };
		B3D4D4B122DE380F00032061 /* VoodooI2CMultitouchEngine.hpp in Headers */ = {isa = PBXBuildFile; fileRef = B3D4D48822DE380F00032061 /* VoodooI2CMultitouchEngine.hpp */; };
		B3D4D4B222DE380F00032061 /* VoodooI2CDigitiserStylus.hpp in Headers */ = {isa = PBXBuildFile; fileRef = B3D4D48922DE380F00032061 /* VoodooI2CDigitiserStylus.hpp */; };
		B3D4D4B322DE380F00032061 /* VoodooI2CMT2ActuatorDevice.cpp in Sources */ = {isa = PBXBuildFile; fileRef = B3D4D48B22DE380F00032061 /* VoodooI2CMT2ActuatorDevice.cpp */; };
		B3D4D4B422DE380F00032061 /* VoodooI2CNativeEngine.cpp in Sources */ = {isa = PBXBuildFile; fileRef = B3D4D48C22DE380F00032061 /* VoodooI2CNativeEngine.cpp */; };
		B3D4D4B522DE380F00032061 /* VoodooI2CMT2SimulatorDevice.hpp in Headers */ = {isa = PBXBuildFile; fileRef = B3D4D48D22DE380F00032061 /* VoodooI2CMT2SimulatorDevice.hpp */; };
		B3D4D4B622DE380F00032061 /* VoodooI2CMT2SimulatorDevice.cpp in Sources */ = {isa = PBXBuildFile; fileRef = B3D4D48E22DE380F00032061 /* VoodooI2CMT2SimulatorDevice.cpp */; };
		B3D4D4B722DE380F00032061 /* VoodooI2CMT2ActuatorDevice.hpp in Headers */ = {isa = PBXBuildFile; fileRef = B3D4D48F22DE380F00032061 /* VoodooI2CMT2ActuatorDevice.hpp */; };
		B3D4D4B822DE380F00032061 /* VoodooI2CNativeEngine.hpp in Headers */ = {isa = PBXBuildFile; fileRef = B3D4D49022DE380F00032061 /* VoodooI2CNativeEngine.hpp */; };
		B3D4D4B922DE380F00032061 /* MultitouchHelpers.hpp in Headers */ = {isa = PBXBuildFile; fileRef = B3D4D49122DE380F00032061 /* MultitouchHelpers.hpp */; };
		B3D4D4BA22DE380F00032061 /* VoodooI2CCSGestureEngine.hpp in Headers */ = {isa = PBXBuildFile; fileRef = B3D4D49322DE380F00032061 /* VoodooI2CCSGestureEngine.hpp */; };
		B3D4D4BB22DE380F00032061 /* AverageClasses.h in Headers */ = {isa = PBXBuildFile; fileRef = B3D4D49422DE380F00032061 /* AverageClasses.h */; };
		B3D4D4BC22DE380F00032061 /* VoodooCSGestureHIDWrapper.cpp in Sources */ = {isa = PBXBuildFile; fileRef = B3D4D49522DE380F00032061 /* VoodooCSGestureHIDWrapper.cpp */; };
		B3D4D4BD22DE380F00032061 /* VoodooCSGestureHIDWrapper.h in Headers */ = {isa = PBXBuildFile; fileRef = B3D4D49622DE380F00032061 /* VoodooCSGestureHIDWrapper.h */; };
		B3D4D4BE22DE380F00032061 /* VoodooCSGestureHIPointingWrapper.cpp in Sources */ = {isa = PBXBuildFile; fileRef = B3D4D49722DE380F00032061 /* VoodooCSGestureHIPointingWrapper.cpp */; };
		B3D4D4BF22DE380F00032061 /* csgesturescroll.cpp in Sources */ = {isa = PBXBuildFile; fileRef = B3D4D49822DE380F00032061 /* csgesturescroll.cpp */; };
		B3D4D4C022DE380F00032061 /* VoodooCSGestureHIPointingWrapper.hpp in Headers */ = {isa = PBXBuildFile; fileRef = B3D4D49922DE380F00032061 /* VoodooCSGestureHIPointingWrapper.hpp */; };
		B3D4D4C122DE380F00032061 /* VoodooI2CCSGestureEngine.cpp in Sources */ = {isa = PBXBuildFile; fileRef = B3D4D49A22DE380F00032061 /* VoodooI2CCSGestureEngine.cpp */; };
		B3D4D4C222DE380F00032061 /* csgesturescroll.h in Headers */ = {isa = PBXBuildFile; fileRef = B3D4D49B22DE380F00032061 /* csgesturescroll.h */; };
		B3D4D4C322DE380F00032061 /* csgesture-softc.h in Headers */ = {isa = PBXBuildFile; fileRef = B3D4D49C22DE380F00032061 /* csgesture-softc.h */; };
		B3D4D4C422DE380F00032061 /* VoodooI2CDigitiserTransducer.cpp in Sources */ = {isa = PBXBuildFile; fileRef = B3D4D49D22DE380F00032061 /* VoodooI2CDigitiserTransducer.cpp */; };
		B3D4D4C522DE380F00032061 /* VoodooI2CMultitouchInterface.cpp in Sources */ = {isa = PBXBuildFile; fileRef = B3D4D49E22DE380F00032061 /* VoodooI2CMultitouchInterface.cpp */; };
		B3D4D4C622DE380F00032061 /* VoodooI2CMultitouchEngine.cpp in Sources */ = {isa = PBXBuildFile; fileRef = B3D4D49F22DE380F00032061 /* VoodooI2CMultitouchEngine.cpp */; };
		B3D4D4C722DE380F00032061 /* VoodooI2CDigitiserStylus.cpp in Sources */ = {isa = PBXBuildFile; fileRef = B3D4D4A022DE380F00032061 /* VoodooI2CDigitiserStylus.cpp */; };
		B3D4D4C822DE380F00032061 /* helpers.hpp in Headers */ = {isa = PBXBuildFile; fileRef = B3D4D4A122DE380F00032061 /* helpers.hpp */; };
		B3D4D4C922DE380F00032061 /* IOHIDPrivateKeys.h in Headers */ = {isa = PBXBuildFile; fileRef = B3D4D4A522DE380F00032061 /* IOHIDPrivateKeys.h */; };
		B3D4D4CA22DE380F00032061 /* AppleHIDUsageTables.h in Headers */ = {isa = PBXBuildFile; fileRef = B3D4D4A622DE380F00032061 /* AppleHIDUsageTables.h */; };
		B3D4D4CB22DE380F00032061 /* IOHIDEventService.h in Headers */ = {isa = PBXBuildFile; fileRef = B3D4D4A722DE380F00032061 /* IOHIDEventService.h */; };
		B3D4D4CC22DE380F00032061 /* IOHIDEvent.h in Headers */ = {isa = PBXBuildFile; fileRef = B3D4D4A822DE380F00032061 /* IOHIDEvent.h */; };
		B3D4D4CD22DE380F00032061 /* IOHIDProperties.h in Headers */ = {isa = PBXBuildFile; fileRef = B3D4D4A922DE380F00032061 /* IOHIDProperties.h */; };
		B3D4D4CE22DE380F00032061 /* IOHIDEventTypes.h in Headers */ = {isa = PBXBuildFile; fileRef = B3D4D4AA22DE380F00032061 /* IOHIDEventTypes.h */; };
		B3D4D4CF22DE380F00032061 /* OSBase.h in Headers */ = {isa = PBXBuildFile; fileRef = B3D4D4AD22DE380F00032061 /* OSBase.h */; };
		B3EF0B202302280A0035158B /* TrackpointDevice.cpp in Sources */ = {isa = PBXBuildFile; fileRef = B3EF0B1E2302280A0035158B /* TrackpointDevice.cpp */; };
		B3EF0B212302280A0035158B /* TrackpointDevice.hpp in Headers */ = {isa = PBXBuildFile; fileRef = B3EF0B1F2302280A0035158B /* TrackpointDevice.hpp */; };
/* End PBXBuildFile section */

/* Begin PBXFileReference section */
		28616572245BAAEE0062CFED /* RMIBus.hpp */ = {isa = PBXFileReference; lastKnownFileType = sourcecode.cpp.h; path = RMIBus.hpp; sourceTree = "<group>"; };
		28616573245BAAEE0062CFED /* RMIBus.cpp */ = {isa = PBXFileReference; lastKnownFileType = sourcecode.cpp.cpp; path = RMIBus.cpp; sourceTree = "<group>"; };
		A46E495524611F5A00749F79 /* rmi_smbus.hpp */ = {isa = PBXFileReference; lastKnownFileType = sourcecode.cpp.h; path = rmi_smbus.hpp; sourceTree = "<group>"; };
		A46E495624611F5A00749F79 /* rmi_smbus.cpp */ = {isa = PBXFileReference; lastKnownFileType = sourcecode.cpp.cpp; path = rmi_smbus.cpp; sourceTree = "<group>"; };
		B35EF3BA23035D16001DBD8E /* helpers.cpp */ = {isa = PBXFileReference; lastKnownFileType = sourcecode.cpp.cpp; path = helpers.cpp; sourceTree = "<group>"; };
		B36B6EAE22DEBBA40062F8F4 /* VoodooSMBusIntelLpssI2C.cpp */ = {isa = PBXFileReference; lastKnownFileType = sourcecode.cpp.cpp; path = VoodooSMBusIntelLpssI2C.cpp; sourceTree = "<group>"; };
		B36B6EAF22DEBBA40062F8F4 /* VoodooSMBusIntelLpssI2C.hpp */ = {isa = PBXFileReference; lastKnownFileType = sourcecode.cpp.h; path = VoodooSMBusIntelLpssI2C.hpp; sourceTree = "<group>"; };
		B39530D6247F38A300F1751C /* HostNotifyMessage.h */ = {isa = PBXFileReference; lastKnownFileType = sourcecode.c.h; path = HostNotifyMessage.h; sourceTree = "<group>"; };
		B3953FF922D8DBC100473323 /* VoodooSMBus.kext */ = {isa = PBXFileReference; explicitFileType = wrapper.cfbundle; includeInIndex = 0; path = VoodooSMBus.kext; sourceTree = BUILT_PRODUCTS_DIR; };
		B3953FFC22D8DBC100473323 /* VoodooSMBusControllerDriver.hpp */ = {isa = PBXFileReference; lastKnownFileType = sourcecode.cpp.h; path = VoodooSMBusControllerDriver.hpp; sourceTree = "<group>"; };
		B3953FFE22D8DBC100473323 /* VoodooSMBusControllerDriver.cpp */ = {isa = PBXFileReference; lastKnownFileType = sourcecode.cpp.cpp; path = VoodooSMBusControllerDriver.cpp; sourceTree = "<group>"; };
		B395400022D8DBC100473323 /* Info.plist */ = {isa = PBXFileReference; lastKnownFileType = text.plist.xml; path = Info.plist; sourceTree = "<group>"; };
		B395400622D8F7FE00473323 /* i2c_i801.cpp */ = {isa = PBXFileReference; lastKnownFileType = sourcecode.cpp.cpp; path = i2c_i801.cpp; sourceTree = "<group>"; };
		B395400822D8FD6100473323 /* helpers.hpp */ = {isa = PBXFileReference; lastKnownFileType = sourcecode.cpp.h; path = helpers.hpp; sourceTree = "<group>"; };
		B3B31E5F22DA2C4800179497 /* VoodooSMBusDeviceNub.cpp */ = {isa = PBXFileReference; lastKnownFileType = sourcecode.cpp.cpp; path = VoodooSMBusDeviceNub.cpp; sourceTree = "<group>"; };
		B3B31E6022DA2C4800179497 /* VoodooSMBusDeviceNub.hpp */ = {isa = PBXFileReference; lastKnownFileType = sourcecode.cpp.h; path = VoodooSMBusDeviceNub.hpp; sourceTree = "<group>"; };
		B3B31E6722DA3C9E00179497 /* ELANTouchpadDriver.cpp */ = {isa = PBXFileReference; lastKnownFileType = sourcecode.cpp.cpp; path = ELANTouchpadDriver.cpp; sourceTree = "<group>"; };
		B3B31E6822DA3C9E00179497 /* ELANTouchpadDriver.hpp */ = {isa = PBXFileReference; lastKnownFileType = sourcecode.cpp.h; path = ELANTouchpadDriver.hpp; sourceTree = "<group>"; };
		B3B31E6B22DA600700179497 /* i2c_smbus.h */ = {isa = PBXFileReference; lastKnownFileType = sourcecode.c.h; path = i2c_smbus.h; sourceTree = "<group>"; };
		B3CF122D2343A92C00DBBD8D /* Configuration.cpp */ = {isa = PBXFileReference; lastKnownFileType = sourcecode.cpp.cpp; path = Configuration.cpp; sourceTree = "<group>"; };
		B3CF122E2343A92C00DBBD8D /* Configuration.hpp */ = {isa = PBXFileReference; lastKnownFileType = sourcecode.cpp.h; path = Configuration.hpp; sourceTree = "<group>"; };
		B3D4D48422DE380E00032061 /* helpers.cpp */ = {isa = PBXFileReference; fileEncoding = 4; lastKnownFileType = sourcecode.cpp.cpp; name = helpers.cpp; path = Dependencies/VoodooI2C/Dependencies/helpers.cpp; sourceTree = "<group>"; };
		B3D4D48622DE380F00032061 /* VoodooI2CMultitouchInterface.hpp */ = {isa = PBXFileReference; fileEncoding = 4; lastKnownFileType = sourcecode.cpp.h; path = VoodooI2CMultitouchInterface.hpp; sourceTree = "<group>"; };
		B3D4D48722DE380F00032061 /* VoodooI2CDigitiserTransducer.hpp */ = {isa = PBXFileReference; fileEncoding = 4; lastKnownFileType = sourcecode.cpp.h; path = VoodooI2CDigitiserTransducer.hpp; sourceTree = "<group>"; };
		B3D4D48822DE380F00032061 /* VoodooI2CMultitouchEngine.hpp */ = {isa = PBXFileReference; fileEncoding = 4; lastKnownFileType = sourcecode.cpp.h; path = VoodooI2CMultitouchEngine.hpp; sourceTree = "<group>"; };
		B3D4D48922DE380F00032061 /* VoodooI2CDigitiserStylus.hpp */ = {isa = PBXFileReference; fileEncoding = 4; lastKnownFileType = sourcecode.cpp.h; path = VoodooI2CDigitiserStylus.hpp; sourceTree = "<group>"; };
		B3D4D48B22DE380F00032061 /* VoodooI2CMT2ActuatorDevice.cpp */ = {isa = PBXFileReference; fileEncoding = 4; lastKnownFileType = sourcecode.cpp.cpp; path = VoodooI2CMT2ActuatorDevice.cpp; sourceTree = "<group>"; };
		B3D4D48C22DE380F00032061 /* VoodooI2CNativeEngine.cpp */ = {isa = PBXFileReference; fileEncoding = 4; lastKnownFileType = sourcecode.cpp.cpp; path = VoodooI2CNativeEngine.cpp; sourceTree = "<group>"; };
		B3D4D48D22DE380F00032061 /* VoodooI2CMT2SimulatorDevice.hpp */ = {isa = PBXFileReference; fileEncoding = 4; lastKnownFileType = sourcecode.cpp.h; path = VoodooI2CMT2SimulatorDevice.hpp; sourceTree = "<group>"; };
		B3D4D48E22DE380F00032061 /* VoodooI2CMT2SimulatorDevice.cpp */ = {isa = PBXFileReference; fileEncoding = 4; lastKnownFileType = sourcecode.cpp.cpp; path = VoodooI2CMT2SimulatorDevice.cpp; sourceTree = "<group>"; };
		B3D4D48F22DE380F00032061 /* VoodooI2CMT2ActuatorDevice.hpp */ = {isa = PBXFileReference; fileEncoding = 4; lastKnownFileType = sourcecode.cpp.h; path = VoodooI2CMT2ActuatorDevice.hpp; sourceTree = "<group>"; };
		B3D4D49022DE380F00032061 /* VoodooI2CNativeEngine.hpp */ = {isa = PBXFileReference; fileEncoding = 4; lastKnownFileType = sourcecode.cpp.h; path = VoodooI2CNativeEngine.hpp; sourceTree = "<group>"; };
		B3D4D49122DE380F00032061 /* MultitouchHelpers.hpp */ = {isa = PBXFileReference; fileEncoding = 4; lastKnownFileType = sourcecode.cpp.h; path = MultitouchHelpers.hpp; sourceTree = "<group>"; };
		B3D4D49322DE380F00032061 /* VoodooI2CCSGestureEngine.hpp */ = {isa = PBXFileReference; fileEncoding = 4; lastKnownFileType = sourcecode.cpp.h; path = VoodooI2CCSGestureEngine.hpp; sourceTree = "<group>"; };
		B3D4D49422DE380F00032061 /* AverageClasses.h */ = {isa = PBXFileReference; fileEncoding = 4; lastKnownFileType = sourcecode.c.h; path = AverageClasses.h; sourceTree = "<group>"; };
		B3D4D49522DE380F00032061 /* VoodooCSGestureHIDWrapper.cpp */ = {isa = PBXFileReference; fileEncoding = 4; lastKnownFileType = sourcecode.cpp.cpp; path = VoodooCSGestureHIDWrapper.cpp; sourceTree = "<group>"; };
		B3D4D49622DE380F00032061 /* VoodooCSGestureHIDWrapper.h */ = {isa = PBXFileReference; fileEncoding = 4; lastKnownFileType = sourcecode.c.h; path = VoodooCSGestureHIDWrapper.h; sourceTree = "<group>"; };
		B3D4D49722DE380F00032061 /* VoodooCSGestureHIPointingWrapper.cpp */ = {isa = PBXFileReference; fileEncoding = 4; lastKnownFileType = sourcecode.cpp.cpp; path = VoodooCSGestureHIPointingWrapper.cpp; sourceTree = "<group>"; };
		B3D4D49822DE380F00032061 /* csgesturescroll.cpp */ = {isa = PBXFileReference; fileEncoding = 4; lastKnownFileType = sourcecode.cpp.cpp; path = csgesturescroll.cpp; sourceTree = "<group>"; };
		B3D4D49922DE380F00032061 /* VoodooCSGestureHIPointingWrapper.hpp */ = {isa = PBXFileReference; fileEncoding = 4; lastKnownFileType = sourcecode.cpp.h; path = VoodooCSGestureHIPointingWrapper.hpp; sourceTree = "<group>"; };
		B3D4D49A22DE380F00032061 /* VoodooI2CCSGestureEngine.cpp */ = {isa = PBXFileReference; fileEncoding = 4; lastKnownFileType = sourcecode.cpp.cpp; path = VoodooI2CCSGestureEngine.cpp; sourceTree = "<group>"; };
		B3D4D49B22DE380F00032061 /* csgesturescroll.h */ = {isa = PBXFileReference; fileEncoding = 4; lastKnownFileType = sourcecode.c.h; path = csgesturescroll.h; sourceTree = "<group>"; };
		B3D4D49C22DE380F00032061 /* csgesture-softc.h */ = {isa = PBXFileReference; fileEncoding = 4; lastKnownFileType = sourcecode.c.h; path = "csgesture-softc.h"; sourceTree = "<group>"; };
		B3D4D49D22DE380F00032061 /* VoodooI2CDigitiserTransducer.cpp */ = {isa = PBXFileReference; fileEncoding = 4; lastKnownFileType = sourcecode.cpp.cpp; path = VoodooI2CDigitiserTransducer.cpp; sourceTree = "<group>"; };
		B3D4D49E22DE380F00032061 /* VoodooI2CMultitouchInterface.cpp */ = {isa = PBXFileReference; fileEncoding = 4; lastKnownFileType = sourcecode.cpp.cpp; path = VoodooI2CMultitouchInterface.cpp; sourceTree = "<group>"; };
		B3D4D49F22DE380F00032061 /* VoodooI2CMultitouchEngine.cpp */ = {isa = PBXFileReference; fileEncoding = 4; lastKnownFileType = sourcecode.cpp.cpp; path = VoodooI2CMultitouchEngine.cpp; sourceTree = "<group>"; };
		B3D4D4A022DE380F00032061 /* VoodooI2CDigitiserStylus.cpp */ = {isa = PBXFileReference; fileEncoding = 4; lastKnownFileType = sourcecode.cpp.cpp; path = VoodooI2CDigitiserStylus.cpp; sourceTree = "<group>"; };
		B3D4D4A122DE380F00032061 /* helpers.hpp */ = {isa = PBXFileReference; fileEncoding = 4; lastKnownFileType = sourcecode.cpp.h; name = helpers.hpp; path = Dependencies/VoodooI2C/Dependencies/helpers.hpp; sourceTree = "<group>"; };
		B3D4D4A522DE380F00032061 /* IOHIDPrivateKeys.h */ = {isa = PBXFileReference; fileEncoding = 4; lastKnownFileType = sourcecode.c.h; path = IOHIDPrivateKeys.h; sourceTree = "<group>"; };
		B3D4D4A622DE380F00032061 /* AppleHIDUsageTables.h */ = {isa = PBXFileReference; fileEncoding = 4; lastKnownFileType = sourcecode.c.h; path = AppleHIDUsageTables.h; sourceTree = "<group>"; };
		B3D4D4A722DE380F00032061 /* IOHIDEventService.h */ = {isa = PBXFileReference; fileEncoding = 4; lastKnownFileType = sourcecode.c.h; path = IOHIDEventService.h; sourceTree = "<group>"; };
		B3D4D4A822DE380F00032061 /* IOHIDEvent.h */ = {isa = PBXFileReference; fileEncoding = 4; lastKnownFileType = sourcecode.c.h; path = IOHIDEvent.h; sourceTree = "<group>"; };
		B3D4D4A922DE380F00032061 /* IOHIDProperties.h */ = {isa = PBXFileReference; fileEncoding = 4; lastKnownFileType = sourcecode.c.h; path = IOHIDProperties.h; sourceTree = "<group>"; };
		B3D4D4AA22DE380F00032061 /* IOHIDEventTypes.h */ = {isa = PBXFileReference; fileEncoding = 4; lastKnownFileType = sourcecode.c.h; path = IOHIDEventTypes.h; sourceTree = "<group>"; };
		B3D4D4AD22DE380F00032061 /* OSBase.h */ = {isa = PBXFileReference; fileEncoding = 4; lastKnownFileType = sourcecode.c.h; path = OSBase.h; sourceTree = "<group>"; };
		B3EF0B1E2302280A0035158B /* TrackpointDevice.cpp */ = {isa = PBXFileReference; lastKnownFileType = sourcecode.cpp.cpp; path = TrackpointDevice.cpp; sourceTree = "<group>"; };
		B3EF0B1F2302280A0035158B /* TrackpointDevice.hpp */ = {isa = PBXFileReference; lastKnownFileType = sourcecode.cpp.h; path = TrackpointDevice.hpp; sourceTree = "<group>"; };
/* End PBXFileReference section */

/* Begin PBXFrameworksBuildPhase section */
		B3953FF622D8DBC100473323 /* Frameworks */ = {
			isa = PBXFrameworksBuildPhase;
			buildActionMask = 2147483647;
			files = (
			);
			runOnlyForDeploymentPostprocessing = 0;
		};
/* End PBXFrameworksBuildPhase section */

/* Begin PBXGroup section */
		B3953FEF22D8DBC100473323 = {
			isa = PBXGroup;
			children = (
				B3D4D4A222DE380F00032061 /* Headers */,
				B3D4D48422DE380E00032061 /* helpers.cpp */,
				B3D4D4A122DE380F00032061 /* helpers.hpp */,
				B3D4D48522DE380F00032061 /* Multitouch Support */,
				B3953FFB22D8DBC100473323 /* VoodooSMBus */,
				B3953FFA22D8DBC100473323 /* Products */,
			);
			sourceTree = "<group>";
		};
		B3953FFA22D8DBC100473323 /* Products */ = {
			isa = PBXGroup;
			children = (
				B3953FF922D8DBC100473323 /* VoodooSMBus.kext */,
			);
			name = Products;
			sourceTree = "<group>";
		};
		B3953FFB22D8DBC100473323 /* VoodooSMBus */ = {
			isa = PBXGroup;
			children = (
				B3953FFC22D8DBC100473323 /* VoodooSMBusControllerDriver.hpp */,
				B3953FFE22D8DBC100473323 /* VoodooSMBusControllerDriver.cpp */,
				B395400022D8DBC100473323 /* Info.plist */,
				B395400622D8F7FE00473323 /* i2c_i801.cpp */,
				B395400822D8FD6100473323 /* helpers.hpp */,
				B35EF3BA23035D16001DBD8E /* helpers.cpp */,
				B3B31E5F22DA2C4800179497 /* VoodooSMBusDeviceNub.cpp */,
				B3B31E6022DA2C4800179497 /* VoodooSMBusDeviceNub.hpp */,
				B3B31E6722DA3C9E00179497 /* ELANTouchpadDriver.cpp */,
				B3B31E6822DA3C9E00179497 /* ELANTouchpadDriver.hpp */,
				B3B31E6B22DA600700179497 /* i2c_smbus.h */,
				B36B6EAE22DEBBA40062F8F4 /* VoodooSMBusIntelLpssI2C.cpp */,
				B36B6EAF22DEBBA40062F8F4 /* VoodooSMBusIntelLpssI2C.hpp */,
				B3EF0B1E2302280A0035158B /* TrackpointDevice.cpp */,
				B3EF0B1F2302280A0035158B /* TrackpointDevice.hpp */,
				B3CF122D2343A92C00DBBD8D /* Configuration.cpp */,
				B3CF122E2343A92C00DBBD8D /* Configuration.hpp */,
				B39530D6247F38A300F1751C /* HostNotifyMessage.h */,
				28616572245BAAEE0062CFED /* RMIBus.hpp */,
				28616573245BAAEE0062CFED /* RMIBus.cpp */,
				A46E495524611F5A00749F79 /* rmi_smbus.hpp */,
				A46E495624611F5A00749F79 /* rmi_smbus.cpp */,
			);
			path = VoodooSMBus;
			sourceTree = "<group>";
		};
		B3D4D48522DE380F00032061 /* Multitouch Support */ = {
			isa = PBXGroup;
			children = (
				B3D4D48622DE380F00032061 /* VoodooI2CMultitouchInterface.hpp */,
				B3D4D48722DE380F00032061 /* VoodooI2CDigitiserTransducer.hpp */,
				B3D4D48822DE380F00032061 /* VoodooI2CMultitouchEngine.hpp */,
				B3D4D48922DE380F00032061 /* VoodooI2CDigitiserStylus.hpp */,
				B3D4D48A22DE380F00032061 /* Native */,
				B3D4D49122DE380F00032061 /* MultitouchHelpers.hpp */,
				B3D4D49222DE380F00032061 /* CSGesture */,
				B3D4D49D22DE380F00032061 /* VoodooI2CDigitiserTransducer.cpp */,
				B3D4D49E22DE380F00032061 /* VoodooI2CMultitouchInterface.cpp */,
				B3D4D49F22DE380F00032061 /* VoodooI2CMultitouchEngine.cpp */,
				B3D4D4A022DE380F00032061 /* VoodooI2CDigitiserStylus.cpp */,
			);
			name = "Multitouch Support";
			path = "Dependencies/VoodooI2C/Multitouch Support";
			sourceTree = "<group>";
		};
		B3D4D48A22DE380F00032061 /* Native */ = {
			isa = PBXGroup;
			children = (
				B3D4D48B22DE380F00032061 /* VoodooI2CMT2ActuatorDevice.cpp */,
				B3D4D48C22DE380F00032061 /* VoodooI2CNativeEngine.cpp */,
				B3D4D48D22DE380F00032061 /* VoodooI2CMT2SimulatorDevice.hpp */,
				B3D4D48E22DE380F00032061 /* VoodooI2CMT2SimulatorDevice.cpp */,
				B3D4D48F22DE380F00032061 /* VoodooI2CMT2ActuatorDevice.hpp */,
				B3D4D49022DE380F00032061 /* VoodooI2CNativeEngine.hpp */,
			);
			path = Native;
			sourceTree = "<group>";
		};
		B3D4D49222DE380F00032061 /* CSGesture */ = {
			isa = PBXGroup;
			children = (
				B3D4D49322DE380F00032061 /* VoodooI2CCSGestureEngine.hpp */,
				B3D4D49422DE380F00032061 /* AverageClasses.h */,
				B3D4D49522DE380F00032061 /* VoodooCSGestureHIDWrapper.cpp */,
				B3D4D49622DE380F00032061 /* VoodooCSGestureHIDWrapper.h */,
				B3D4D49722DE380F00032061 /* VoodooCSGestureHIPointingWrapper.cpp */,
				B3D4D49822DE380F00032061 /* csgesturescroll.cpp */,
				B3D4D49922DE380F00032061 /* VoodooCSGestureHIPointingWrapper.hpp */,
				B3D4D49A22DE380F00032061 /* VoodooI2CCSGestureEngine.cpp */,
				B3D4D49B22DE380F00032061 /* csgesturescroll.h */,
				B3D4D49C22DE380F00032061 /* csgesture-softc.h */,
			);
			path = CSGesture;
			sourceTree = "<group>";
		};
		B3D4D4A222DE380F00032061 /* Headers */ = {
			isa = PBXGroup;
			children = (
				B3D4D4A322DE380F00032061 /* IOKit */,
				B3D4D4AB22DE380F00032061 /* libkern */,
			);
			name = Headers;
			path = Dependencies/VoodooI2C/Dependencies/Headers;
			sourceTree = "<group>";
		};
		B3D4D4A322DE380F00032061 /* IOKit */ = {
			isa = PBXGroup;
			children = (
				B3D4D4A422DE380F00032061 /* hid */,
			);
			path = IOKit;
			sourceTree = "<group>";
		};
		B3D4D4A422DE380F00032061 /* hid */ = {
			isa = PBXGroup;
			children = (
				B3D4D4A522DE380F00032061 /* IOHIDPrivateKeys.h */,
				B3D4D4A622DE380F00032061 /* AppleHIDUsageTables.h */,
				B3D4D4A722DE380F00032061 /* IOHIDEventService.h */,
				B3D4D4A822DE380F00032061 /* IOHIDEvent.h */,
				B3D4D4A922DE380F00032061 /* IOHIDProperties.h */,
				B3D4D4AA22DE380F00032061 /* IOHIDEventTypes.h */,
			);
			path = hid;
			sourceTree = "<group>";
		};
		B3D4D4AB22DE380F00032061 /* libkern */ = {
			isa = PBXGroup;
			children = (
				B3D4D4AC22DE380F00032061 /* libkern */,
			);
			path = libkern;
			sourceTree = "<group>";
		};
		B3D4D4AC22DE380F00032061 /* libkern */ = {
			isa = PBXGroup;
			children = (
				B3D4D4AD22DE380F00032061 /* OSBase.h */,
			);
			path = libkern;
			sourceTree = "<group>";
		};
/* End PBXGroup section */

/* Begin PBXHeadersBuildPhase section */
		B3953FF422D8DBC100473323 /* Headers */ = {
			isa = PBXHeadersBuildPhase;
			buildActionMask = 2147483647;
			files = (
				B3D4D4AF22DE380F00032061 /* VoodooI2CMultitouchInterface.hpp in Headers */,
				B3B31E6A22DA3C9E00179497 /* ELANTouchpadDriver.hpp in Headers */,
				28616574245BAAEE0062CFED /* RMIBus.hpp in Headers */,
				B3D4D4BD22DE380F00032061 /* VoodooCSGestureHIDWrapper.h in Headers */,
				B395400A22D8FD6100473323 /* helpers.hpp in Headers */,
				B3EF0B212302280A0035158B /* TrackpointDevice.hpp in Headers */,
				B3D4D4B222DE380F00032061 /* VoodooI2CDigitiserStylus.hpp in Headers */,
				B3D4D4B822DE380F00032061 /* VoodooI2CNativeEngine.hpp in Headers */,
				B3CF12302343A92C00DBBD8D /* Configuration.hpp in Headers */,
				B3D4D4CF22DE380F00032061 /* OSBase.h in Headers */,
				B3D4D4CD22DE380F00032061 /* IOHIDProperties.h in Headers */,
				B3D4D4BA22DE380F00032061 /* VoodooI2CCSGestureEngine.hpp in Headers */,
				B3D4D4B922DE380F00032061 /* MultitouchHelpers.hpp in Headers */,
				B3D4D4CE22DE380F00032061 /* IOHIDEventTypes.h in Headers */,
				B3D4D4CB22DE380F00032061 /* IOHIDEventService.h in Headers */,
				B3D4D4CA22DE380F00032061 /* AppleHIDUsageTables.h in Headers */,
				B3D4D4C822DE380F00032061 /* helpers.hpp in Headers */,
				B3D4D4B722DE380F00032061 /* VoodooI2CMT2ActuatorDevice.hpp in Headers */,
				A46E495724611F5A00749F79 /* rmi_smbus.hpp in Headers */,
				B3D4D4B122DE380F00032061 /* VoodooI2CMultitouchEngine.hpp in Headers */,
				B3D4D4BB22DE380F00032061 /* AverageClasses.h in Headers */,
				B36B6EB122DEBBA40062F8F4 /* VoodooSMBusIntelLpssI2C.hpp in Headers */,
				B3D4D4B022DE380F00032061 /* VoodooI2CDigitiserTransducer.hpp in Headers */,
				B3953FFD22D8DBC100473323 /* VoodooSMBusControllerDriver.hpp in Headers */,
				B3D4D4CC22DE380F00032061 /* IOHIDEvent.h in Headers */,
				B3D4D4B522DE380F00032061 /* VoodooI2CMT2SimulatorDevice.hpp in Headers */,
				B3D4D4C322DE380F00032061 /* csgesture-softc.h in Headers */,
				B3D4D4C922DE380F00032061 /* IOHIDPrivateKeys.h in Headers */,
				B3D4D4C222DE380F00032061 /* csgesturescroll.h in Headers */,
				B3B31E6222DA2C4800179497 /* VoodooSMBusDeviceNub.hpp in Headers */,
				B3D4D4C022DE380F00032061 /* VoodooCSGestureHIPointingWrapper.hpp in Headers */,
			);
			runOnlyForDeploymentPostprocessing = 0;
		};
/* End PBXHeadersBuildPhase section */

/* Begin PBXNativeTarget section */
		B3953FF822D8DBC100473323 /* VoodooSMBus */ = {
			isa = PBXNativeTarget;
			buildConfigurationList = B395400322D8DBC100473323 /* Build configuration list for PBXNativeTarget "VoodooSMBus" */;
			buildPhases = (
				B3953FF422D8DBC100473323 /* Headers */,
				B3953FF522D8DBC100473323 /* Sources */,
				B3953FF622D8DBC100473323 /* Frameworks */,
				B3953FF722D8DBC100473323 /* Resources */,
			);
			buildRules = (
			);
			dependencies = (
			);
			name = VoodooSMBus;
			productName = VoodooSMBus;
			productReference = B3953FF922D8DBC100473323 /* VoodooSMBus.kext */;
			productType = "com.apple.product-type.kernel-extension";
		};
/* End PBXNativeTarget section */

/* Begin PBXProject section */
		B3953FF022D8DBC100473323 /* Project object */ = {
			isa = PBXProject;
			attributes = {
				LastUpgradeCheck = 1020;
				ORGANIZATIONNAME = "leo-labs";
				TargetAttributes = {
					B3953FF822D8DBC100473323 = {
						CreatedOnToolsVersion = 10.2.1;
					};
				};
			};
			buildConfigurationList = B3953FF322D8DBC100473323 /* Build configuration list for PBXProject "VoodooSMBus" */;
			compatibilityVersion = "Xcode 9.3";
			developmentRegion = en;
			hasScannedForEncodings = 0;
			knownRegions = (
				en,
			);
			mainGroup = B3953FEF22D8DBC100473323;
			productRefGroup = B3953FFA22D8DBC100473323 /* Products */;
			projectDirPath = "";
			projectRoot = "";
			targets = (
				B3953FF822D8DBC100473323 /* VoodooSMBus */,
			);
		};
/* End PBXProject section */

/* Begin PBXResourcesBuildPhase section */
		B3953FF722D8DBC100473323 /* Resources */ = {
			isa = PBXResourcesBuildPhase;
			buildActionMask = 2147483647;
			files = (
			);
			runOnlyForDeploymentPostprocessing = 0;
		};
/* End PBXResourcesBuildPhase section */

/* Begin PBXSourcesBuildPhase section */
		B3953FF522D8DBC100473323 /* Sources */ = {
			isa = PBXSourcesBuildPhase;
			buildActionMask = 2147483647;
			files = (
				B36B6EB022DEBBA40062F8F4 /* VoodooSMBusIntelLpssI2C.cpp in Sources */,
				B3953FFF22D8DBC100473323 /* VoodooSMBusControllerDriver.cpp in Sources */,
				B3D4D4AE22DE380F00032061 /* helpers.cpp in Sources */,
				B3B31E6122DA2C4800179497 /* VoodooSMBusDeviceNub.cpp in Sources */,
				B3D4D4B422DE380F00032061 /* VoodooI2CNativeEngine.cpp in Sources */,
				A46E495824611F5A00749F79 /* rmi_smbus.cpp in Sources */,
				B3CF122F2343A92C00DBBD8D /* Configuration.cpp in Sources */,
				B3D4D4BF22DE380F00032061 /* csgesturescroll.cpp in Sources */,
				B3D4D4C722DE380F00032061 /* VoodooI2CDigitiserStylus.cpp in Sources */,
				B3D4D4C522DE380F00032061 /* VoodooI2CMultitouchInterface.cpp in Sources */,
				B3D4D4C622DE380F00032061 /* VoodooI2CMultitouchEngine.cpp in Sources */,
				B3D4D4C122DE380F00032061 /* VoodooI2CCSGestureEngine.cpp in Sources */,
				B3D4D4B622DE380F00032061 /* VoodooI2CMT2SimulatorDevice.cpp in Sources */,
				B3D4D4BC22DE380F00032061 /* VoodooCSGestureHIDWrapper.cpp in Sources */,
				28616575245BAAEE0062CFED /* RMIBus.cpp in Sources */,
				B3EF0B202302280A0035158B /* TrackpointDevice.cpp in Sources */,
				B3B31E6922DA3C9E00179497 /* ELANTouchpadDriver.cpp in Sources */,
				B3D4D4BE22DE380F00032061 /* VoodooCSGestureHIPointingWrapper.cpp in Sources */,
				B3D4D4C422DE380F00032061 /* VoodooI2CDigitiserTransducer.cpp in Sources */,
				B35EF3BB23035D16001DBD8E /* helpers.cpp in Sources */,
				B3D4D4B322DE380F00032061 /* VoodooI2CMT2ActuatorDevice.cpp in Sources */,
			);
			runOnlyForDeploymentPostprocessing = 0;
		};
/* End PBXSourcesBuildPhase section */

/* Begin XCBuildConfiguration section */
		B395400122D8DBC100473323 /* Debug */ = {
			isa = XCBuildConfiguration;
			buildSettings = {
				ALWAYS_SEARCH_USER_PATHS = NO;
				CLANG_ANALYZER_NONNULL = YES;
				CLANG_ANALYZER_NUMBER_OBJECT_CONVERSION = YES_AGGRESSIVE;
				CLANG_CXX_LANGUAGE_STANDARD = "gnu++14";
				CLANG_CXX_LIBRARY = "libc++";
				CLANG_ENABLE_MODULES = YES;
				CLANG_ENABLE_OBJC_ARC = YES;
				CLANG_ENABLE_OBJC_WEAK = YES;
				CLANG_WARN_BLOCK_CAPTURE_AUTORELEASING = YES;
				CLANG_WARN_BOOL_CONVERSION = YES;
				CLANG_WARN_COMMA = YES;
				CLANG_WARN_CONSTANT_CONVERSION = YES;
				CLANG_WARN_DEPRECATED_OBJC_IMPLEMENTATIONS = YES;
				CLANG_WARN_DIRECT_OBJC_ISA_USAGE = YES_ERROR;
				CLANG_WARN_DOCUMENTATION_COMMENTS = YES;
				CLANG_WARN_EMPTY_BODY = YES;
				CLANG_WARN_ENUM_CONVERSION = YES;
				CLANG_WARN_INFINITE_RECURSION = YES;
				CLANG_WARN_INT_CONVERSION = YES;
				CLANG_WARN_NON_LITERAL_NULL_CONVERSION = YES;
				CLANG_WARN_OBJC_IMPLICIT_RETAIN_SELF = YES;
				CLANG_WARN_OBJC_LITERAL_CONVERSION = YES;
				CLANG_WARN_OBJC_ROOT_CLASS = YES_ERROR;
				CLANG_WARN_RANGE_LOOP_ANALYSIS = YES;
				CLANG_WARN_STRICT_PROTOTYPES = YES;
				CLANG_WARN_SUSPICIOUS_MOVE = YES;
				CLANG_WARN_UNGUARDED_AVAILABILITY = YES_AGGRESSIVE;
				CLANG_WARN_UNREACHABLE_CODE = YES;
				CLANG_WARN__DUPLICATE_METHOD_MATCH = YES;
				CODE_SIGN_IDENTITY = "-";
				COPY_PHASE_STRIP = NO;
				DEBUG_INFORMATION_FORMAT = dwarf;
				ENABLE_STRICT_OBJC_MSGSEND = YES;
				ENABLE_TESTABILITY = YES;
				GCC_C_LANGUAGE_STANDARD = gnu11;
				GCC_DYNAMIC_NO_PIC = NO;
				GCC_NO_COMMON_BLOCKS = YES;
				GCC_OPTIMIZATION_LEVEL = 0;
				GCC_PREPROCESSOR_DEFINITIONS = (
					"DEBUG=1",
					"$(inherited)",
				);
				GCC_WARN_64_TO_32_BIT_CONVERSION = YES;
				GCC_WARN_ABOUT_RETURN_TYPE = YES_ERROR;
				GCC_WARN_UNDECLARED_SELECTOR = YES;
				GCC_WARN_UNINITIALIZED_AUTOS = YES_AGGRESSIVE;
				GCC_WARN_UNUSED_FUNCTION = YES;
				GCC_WARN_UNUSED_VARIABLE = YES;
				HEADER_SEARCH_PATHS = "";
				MACOSX_DEPLOYMENT_TARGET = 10.14;
				MTL_ENABLE_DEBUG_INFO = INCLUDE_SOURCE;
				MTL_FAST_MATH = YES;
				ONLY_ACTIVE_ARCH = YES;
				SDKROOT = macosx;
			};
			name = Debug;
		};
		B395400222D8DBC100473323 /* Release */ = {
			isa = XCBuildConfiguration;
			buildSettings = {
				ALWAYS_SEARCH_USER_PATHS = NO;
				CLANG_ANALYZER_NONNULL = YES;
				CLANG_ANALYZER_NUMBER_OBJECT_CONVERSION = YES_AGGRESSIVE;
				CLANG_CXX_LANGUAGE_STANDARD = "gnu++14";
				CLANG_CXX_LIBRARY = "libc++";
				CLANG_ENABLE_MODULES = YES;
				CLANG_ENABLE_OBJC_ARC = YES;
				CLANG_ENABLE_OBJC_WEAK = YES;
				CLANG_WARN_BLOCK_CAPTURE_AUTORELEASING = YES;
				CLANG_WARN_BOOL_CONVERSION = YES;
				CLANG_WARN_COMMA = YES;
				CLANG_WARN_CONSTANT_CONVERSION = YES;
				CLANG_WARN_DEPRECATED_OBJC_IMPLEMENTATIONS = YES;
				CLANG_WARN_DIRECT_OBJC_ISA_USAGE = YES_ERROR;
				CLANG_WARN_DOCUMENTATION_COMMENTS = YES;
				CLANG_WARN_EMPTY_BODY = YES;
				CLANG_WARN_ENUM_CONVERSION = YES;
				CLANG_WARN_INFINITE_RECURSION = YES;
				CLANG_WARN_INT_CONVERSION = YES;
				CLANG_WARN_NON_LITERAL_NULL_CONVERSION = YES;
				CLANG_WARN_OBJC_IMPLICIT_RETAIN_SELF = YES;
				CLANG_WARN_OBJC_LITERAL_CONVERSION = YES;
				CLANG_WARN_OBJC_ROOT_CLASS = YES_ERROR;
				CLANG_WARN_RANGE_LOOP_ANALYSIS = YES;
				CLANG_WARN_STRICT_PROTOTYPES = YES;
				CLANG_WARN_SUSPICIOUS_MOVE = YES;
				CLANG_WARN_UNGUARDED_AVAILABILITY = YES_AGGRESSIVE;
				CLANG_WARN_UNREACHABLE_CODE = YES;
				CLANG_WARN__DUPLICATE_METHOD_MATCH = YES;
				CODE_SIGN_IDENTITY = "-";
				COPY_PHASE_STRIP = NO;
				DEBUG_INFORMATION_FORMAT = "dwarf-with-dsym";
				ENABLE_NS_ASSERTIONS = NO;
				ENABLE_STRICT_OBJC_MSGSEND = YES;
				GCC_C_LANGUAGE_STANDARD = gnu11;
				GCC_NO_COMMON_BLOCKS = YES;
				GCC_WARN_64_TO_32_BIT_CONVERSION = YES;
				GCC_WARN_ABOUT_RETURN_TYPE = YES_ERROR;
				GCC_WARN_UNDECLARED_SELECTOR = YES;
				GCC_WARN_UNINITIALIZED_AUTOS = YES_AGGRESSIVE;
				GCC_WARN_UNUSED_FUNCTION = YES;
				GCC_WARN_UNUSED_VARIABLE = YES;
				HEADER_SEARCH_PATHS = "";
				MACOSX_DEPLOYMENT_TARGET = 10.14;
				MTL_ENABLE_DEBUG_INFO = NO;
				MTL_FAST_MATH = YES;
				SDKROOT = macosx;
			};
			name = Release;
		};
		B395400422D8DBC100473323 /* Debug */ = {
			isa = XCBuildConfiguration;
			buildSettings = {
				CODE_SIGN_STYLE = Manual;
				COMBINE_HIDPI_IMAGES = YES;
				CURRENT_PROJECT_VERSION = 1.0.0d1;
				DEVELOPMENT_TEAM = "";
				HEADER_SEARCH_PATHS = "";
				"HEADER_SEARCH_PATHS[arch=*]" = "\"./Dependencies/VoodooI2C/Dependencies/Headers\"/**";
				INFOPLIST_FILE = VoodooSMBus/Info.plist;
				MODULE_NAME = "de.leo-labs.VoodooSMBus";
				MODULE_VERSION = 1.0.0d1;
				PRODUCT_BUNDLE_IDENTIFIER = "de.leo-labs.VoodooSMBus";
				PRODUCT_NAME = "$(TARGET_NAME)";
				PROVISIONING_PROFILE_SPECIFIER = "";
				WRAPPER_EXTENSION = kext;
			};
			name = Debug;
		};
		B395400522D8DBC100473323 /* Release */ = {
			isa = XCBuildConfiguration;
			buildSettings = {
				CODE_SIGN_STYLE = Manual;
				COMBINE_HIDPI_IMAGES = YES;
				CURRENT_PROJECT_VERSION = 1.0.0d1;
				DEVELOPMENT_TEAM = "";
				HEADER_SEARCH_PATHS = "";
				"HEADER_SEARCH_PATHS[arch=*]" = "\"./Dependencies/VoodooI2C/Dependencies/Headers\"/**";
				INFOPLIST_FILE = VoodooSMBus/Info.plist;
				MODULE_NAME = "de.leo-labs.VoodooSMBus";
				MODULE_VERSION = 1.0.0d1;
				PRODUCT_BUNDLE_IDENTIFIER = "de.leo-labs.VoodooSMBus";
				PRODUCT_NAME = "$(TARGET_NAME)";
				PROVISIONING_PROFILE_SPECIFIER = "";
				WRAPPER_EXTENSION = kext;
			};
			name = Release;
		};
/* End XCBuildConfiguration section */

/* Begin XCConfigurationList section */
		B3953FF322D8DBC100473323 /* Build configuration list for PBXProject "VoodooSMBus" */ = {
			isa = XCConfigurationList;
			buildConfigurations = (
				B395400122D8DBC100473323 /* Debug */,
				B395400222D8DBC100473323 /* Release */,
			);
			defaultConfigurationIsVisible = 0;
			defaultConfigurationName = Release;
		};
		B395400322D8DBC100473323 /* Build configuration list for PBXNativeTarget "VoodooSMBus" */ = {
			isa = XCConfigurationList;
			buildConfigurations = (
				B395400422D8DBC100473323 /* Debug */,
				B395400522D8DBC100473323 /* Release */,
			);
			defaultConfigurationIsVisible = 0;
			defaultConfigurationName = Release;
		};
/* End XCConfigurationList section */
	};
	rootObject = B3953FF022D8DBC100473323 /* Project object */;
}
